
Microsoft Visual Studio Solution File, Format Version 12.00
# Visual Studio Version 17
VisualStudioVersion = 17.14.36202.13 d17.14
MinimumVisualStudioVersion = 10.0.40219.1
Project("{FAE04EC0-301F-11D3-BF4B-00C04F79EFBC}") = "Prog2_Chall_Omega_ExceptionHandling_ChrisFrench0259182_", "Prog2_Chall_Omega_ExceptionHandling_ChrisFrench0259182_\Prog2_Chall_Omega_ExceptionHandling_ChrisFrench0259182_.csproj", "{5A1FA6CD-762C-4845-A84E-6CBFE1C970C6}"
EndProject
Global
	GlobalSection(SolutionConfigurationPlatforms) = preSolution
		Debug|Any CPU = Debug|Any CPU
		Release|Any CPU = Release|Any CPU
	EndGlobalSection
	GlobalSection(ProjectConfigurationPlatforms) = postSolution
		{5A1FA6CD-762C-4845-A84E-6CBFE1C970C6}.Debug|Any CPU.ActiveCfg = Debug|Any CPU
		{5A1FA6CD-762C-4845-A84E-6CBFE1C970C6}.Debug|Any CPU.Build.0 = Debug|Any CPU
		{5A1FA6CD-762C-4845-A84E-6CBFE1C970C6}.Release|Any CPU.ActiveCfg = Release|Any CPU
		{5A1FA6CD-762C-4845-A84E-6CBFE1C970C6}.Release|Any CPU.Build.0 = Release|Any CPU
	EndGlobalSection
	GlobalSection(SolutionProperties) = preSolution
		HideSolutionNode = FALSE
	EndGlobalSection
	GlobalSection(ExtensibilityGlobals) = postSolution
		SolutionGuid = {C175AFA1-5B67-4D08-816E-56E8FB92E171}
	EndGlobalSection
EndGlobal
